
Microsoft Visual Studio Solution File, Format Version 12.00
# Visual Studio Version 16
VisualStudioVersion = 16.0.31129.286
MinimumVisualStudioVersion = 10.0.40219.1
Project("{FAE04EC0-301F-11D3-BF4B-00C04F79EFBC}") = "ShoelaceTripping", "ShoelaceTripping\ShoelaceTripping.csproj", "{2CF5F0F3-F5C6-44CB-A305-69305195084D}"
EndProject
Global
	GlobalSection(SolutionConfigurationPlatforms) = preSolution
		Debug|Any CPU = Debug|Any CPU
		Release|Any CPU = Release|Any CPU
	EndGlobalSection
	GlobalSection(ProjectConfigurationPlatforms) = postSolution
		{2CF5F0F3-F5C6-44CB-A305-69305195084D}.Debug|Any CPU.ActiveCfg = Debug|Any CPU
		{2CF5F0F3-F5C6-44CB-A305-69305195084D}.Debug|Any CPU.Build.0 = Debug|Any CPU
		{2CF5F0F3-F5C6-44CB-A305-69305195084D}.Release|Any CPU.ActiveCfg = Release|Any CPU
		{2CF5F0F3-F5C6-44CB-A305-69305195084D}.Release|Any CPU.Build.0 = Release|Any CPU
	EndGlobalSection
	GlobalSection(SolutionProperties) = preSolution
		HideSolutionNode = FALSE
	EndGlobalSection
	GlobalSection(ExtensibilityGlobals) = postSolution
		SolutionGuid = {CE929667-EFB5-4337-908F-4935FE4B77CC}
	EndGlobalSection
EndGlobal
